// !$*UTF8*$!
{
	archiveVersion = 1;
	classes = {
	};
	objectVersion = 50;
	objects = {

/* Begin PBXBuildFile section */
		0AB2EFB8268D022F002CACC8 /* ModalCollectionView.swift in Sources */ = {isa = PBXBuildFile; fileRef = 0AB2EFB7268D022F002CACC8 /* ModalCollectionView.swift */; };
		0ABB41DF267A737F00E03D07 /* AppDelegate.swift in Sources */ = {isa = PBXBuildFile; fileRef = 0ABB41DE267A737F00E03D07 /* AppDelegate.swift */; };
		0ABB41E1267A737F00E03D07 /* SceneDelegate.swift in Sources */ = {isa = PBXBuildFile; fileRef = 0ABB41E0267A737F00E03D07 /* SceneDelegate.swift */; };
		0ABB41E8267A738200E03D07 /* Assets.xcassets in Resources */ = {isa = PBXBuildFile; fileRef = 0ABB41E7267A738200E03D07 /* Assets.xcassets */; };
		0ABB41EB267A738200E03D07 /* LaunchScreen.storyboard in Resources */ = {isa = PBXBuildFile; fileRef = 0ABB41E9267A738200E03D07 /* LaunchScreen.storyboard */; };
		0ABB41F6267A738200E03D07 /* CollectionViewTests.swift in Sources */ = {isa = PBXBuildFile; fileRef = 0ABB41F5267A738200E03D07 /* CollectionViewTests.swift */; };
		0ABB4201267A738200E03D07 /* CollectionViewUITests.swift in Sources */ = {isa = PBXBuildFile; fileRef = 0ABB4200267A738200E03D07 /* CollectionViewUITests.swift */; };
		0ABB420F267A742900E03D07 /* CollectionViewController.swift in Sources */ = {isa = PBXBuildFile; fileRef = 0ABB420E267A742900E03D07 /* CollectionViewController.swift */; };
		0ABB4211267A745E00E03D07 /* CollectionViewCell.swift in Sources */ = {isa = PBXBuildFile; fileRef = 0ABB4210267A745E00E03D07 /* CollectionViewCell.swift */; };
		0ABB4213267BCF7000E03D07 /* CollectionView.swift in Sources */ = {isa = PBXBuildFile; fileRef = 0ABB4212267BCF7000E03D07 /* CollectionView.swift */; };
/* End PBXBuildFile section */

/* Begin PBXContainerItemProxy section */
		0ABB41F2267A738200E03D07 /* PBXContainerItemProxy */ = {
			isa = PBXContainerItemProxy;
			containerPortal = 0ABB41D3267A737F00E03D07 /* Project object */;
			proxyType = 1;
			remoteGlobalIDString = 0ABB41DA267A737F00E03D07;
			remoteInfo = CollectionView;
		};
		0ABB41FD267A738200E03D07 /* PBXContainerItemProxy */ = {
			isa = PBXContainerItemProxy;
			containerPortal = 0ABB41D3267A737F00E03D07 /* Project object */;
			proxyType = 1;
			remoteGlobalIDString = 0ABB41DA267A737F00E03D07;
			remoteInfo = CollectionView;
		};
/* End PBXContainerItemProxy section */

/* Begin PBXFileReference section */
		0AB2EFB7268D022F002CACC8 /* ModalCollectionView.swift */ = {isa = PBXFileReference; lastKnownFileType = sourcecode.swift; path = ModalCollectionView.swift; sourceTree = "<group>"; };
		0ABB41DB267A737F00E03D07 /* CollectionView.app */ = {isa = PBXFileReference; explicitFileType = wrapper.application; includeInIndex = 0; path = CollectionView.app; sourceTree = BUILT_PRODUCTS_DIR; };
		0ABB41DE267A737F00E03D07 /* AppDelegate.swift */ = {isa = PBXFileReference; lastKnownFileType = sourcecode.swift; path = AppDelegate.swift; sourceTree = "<group>"; };
		0ABB41E0267A737F00E03D07 /* SceneDelegate.swift */ = {isa = PBXFileReference; lastKnownFileType = sourcecode.swift; path = SceneDelegate.swift; sourceTree = "<group>"; };
		0ABB41E7267A738200E03D07 /* Assets.xcassets */ = {isa = PBXFileReference; lastKnownFileType = folder.assetcatalog; path = Assets.xcassets; sourceTree = "<group>"; };
		0ABB41EA267A738200E03D07 /* Base */ = {isa = PBXFileReference; lastKnownFileType = file.storyboard; name = Base; path = Base.lproj/LaunchScreen.storyboard; sourceTree = "<group>"; };
		0ABB41EC267A738200E03D07 /* Info.plist */ = {isa = PBXFileReference; lastKnownFileType = text.plist.xml; path = Info.plist; sourceTree = "<group>"; };
		0ABB41F1267A738200E03D07 /* CollectionViewTests.xctest */ = {isa = PBXFileReference; explicitFileType = wrapper.cfbundle; includeInIndex = 0; path = CollectionViewTests.xctest; sourceTree = BUILT_PRODUCTS_DIR; };
		0ABB41F5267A738200E03D07 /* CollectionViewTests.swift */ = {isa = PBXFileReference; lastKnownFileType = sourcecode.swift; path = CollectionViewTests.swift; sourceTree = "<group>"; };
		0ABB41F7267A738200E03D07 /* Info.plist */ = {isa = PBXFileReference; lastKnownFileType = text.plist.xml; path = Info.plist; sourceTree = "<group>"; };
		0ABB41FC267A738200E03D07 /* CollectionViewUITests.xctest */ = {isa = PBXFileReference; explicitFileType = wrapper.cfbundle; includeInIndex = 0; path = CollectionViewUITests.xctest; sourceTree = BUILT_PRODUCTS_DIR; };
		0ABB4200267A738200E03D07 /* CollectionViewUITests.swift */ = {isa = PBXFileReference; lastKnownFileType = sourcecode.swift; path = CollectionViewUITests.swift; sourceTree = "<group>"; };
		0ABB4202267A738200E03D07 /* Info.plist */ = {isa = PBXFileReference; lastKnownFileType = text.plist.xml; path = Info.plist; sourceTree = "<group>"; };
		0ABB420E267A742900E03D07 /* CollectionViewController.swift */ = {isa = PBXFileReference; lastKnownFileType = sourcecode.swift; path = CollectionViewController.swift; sourceTree = "<group>"; };
		0ABB4210267A745E00E03D07 /* CollectionViewCell.swift */ = {isa = PBXFileReference; lastKnownFileType = sourcecode.swift; path = CollectionViewCell.swift; sourceTree = "<group>"; };
		0ABB4212267BCF7000E03D07 /* CollectionView.swift */ = {isa = PBXFileReference; lastKnownFileType = sourcecode.swift; path = CollectionView.swift; sourceTree = "<group>"; };
/* End PBXFileReference section */

/* Begin PBXFrameworksBuildPhase section */
		0ABB41D8267A737F00E03D07 /* Frameworks */ = {
			isa = PBXFrameworksBuildPhase;
			buildActionMask = 2147483647;
			files = (
			);
			runOnlyForDeploymentPostprocessing = 0;
		};
		0ABB41EE267A738200E03D07 /* Frameworks */ = {
			isa = PBXFrameworksBuildPhase;
			buildActionMask = 2147483647;
			files = (
			);
			runOnlyForDeploymentPostprocessing = 0;
		};
		0ABB41F9267A738200E03D07 /* Frameworks */ = {
			isa = PBXFrameworksBuildPhase;
			buildActionMask = 2147483647;
			files = (
			);
			runOnlyForDeploymentPostprocessing = 0;
		};
/* End PBXFrameworksBuildPhase section */

/* Begin PBXGroup section */
		0ABB41D2267A737F00E03D07 = {
			isa = PBXGroup;
			children = (
				0ABB41DD267A737F00E03D07 /* CollectionView */,
				0ABB41F4267A738200E03D07 /* CollectionViewTests */,
				0ABB41DC267A737F00E03D07 /* Products */,
			);
			sourceTree = "<group>";
		};
		0ABB41DC267A737F00E03D07 /* Products */ = {
			isa = PBXGroup;
			children = (
				0ABB41DB267A737F00E03D07 /* CollectionView.app */,
				0ABB41F1267A738200E03D07 /* CollectionViewTests.xctest */,
				0ABB41FC267A738200E03D07 /* CollectionViewUITests.xctest */,
			);
			name = Products;
			sourceTree = "<group>";
		};
		0ABB41DD267A737F00E03D07 /* CollectionView */ = {
			isa = PBXGroup;
			children = (
				0ABB41DE267A737F00E03D07 /* AppDelegate.swift */,
				0ABB41E0267A737F00E03D07 /* SceneDelegate.swift */,
				0ABB420E267A742900E03D07 /* CollectionViewController.swift */,
				0ABB4212267BCF7000E03D07 /* CollectionView.swift */,
				0AB2EFB7268D022F002CACC8 /* ModalCollectionView.swift */,
				0ABB4210267A745E00E03D07 /* CollectionViewCell.swift */,
				0ABB41E7267A738200E03D07 /* Assets.xcassets */,
				0ABB41E9267A738200E03D07 /* LaunchScreen.storyboard */,
				0ABB41EC267A738200E03D07 /* Info.plist */,
			);
			path = CollectionView;
			sourceTree = "<group>";
		};
		0ABB41F4267A738200E03D07 /* CollectionViewTests */ = {
			isa = PBXGroup;
			children = (
				0ABB41FF267A738200E03D07 /* CollectionViewUITests */,
				0ABB41F5267A738200E03D07 /* CollectionViewTests.swift */,
				0ABB41F7267A738200E03D07 /* Info.plist */,
			);
			path = CollectionViewTests;
			sourceTree = "<group>";
		};
		0ABB41FF267A738200E03D07 /* CollectionViewUITests */ = {
			isa = PBXGroup;
			children = (
				0ABB4200267A738200E03D07 /* CollectionViewUITests.swift */,
				0ABB4202267A738200E03D07 /* Info.plist */,
			);
			path = CollectionViewUITests;
			sourceTree = "<group>";
		};
/* End PBXGroup section */

/* Begin PBXNativeTarget section */
		0ABB41DA267A737F00E03D07 /* CollectionView */ = {
			isa = PBXNativeTarget;
			buildConfigurationList = 0ABB4205267A738200E03D07 /* Build configuration list for PBXNativeTarget "CollectionView" */;
			buildPhases = (
				0ABB41D7267A737F00E03D07 /* Sources */,
				0ABB41D8267A737F00E03D07 /* Frameworks */,
				0ABB41D9267A737F00E03D07 /* Resources */,
			);
			buildRules = (
			);
			dependencies = (
			);
			name = CollectionView;
			productName = CollectionView;
			productReference = 0ABB41DB267A737F00E03D07 /* CollectionView.app */;
			productType = "com.apple.product-type.application";
		};
		0ABB41F0267A738200E03D07 /* CollectionViewTests */ = {
			isa = PBXNativeTarget;
			buildConfigurationList = 0ABB4208267A738200E03D07 /* Build configuration list for PBXNativeTarget "CollectionViewTests" */;
			buildPhases = (
				0ABB41ED267A738200E03D07 /* Sources */,
				0ABB41EE267A738200E03D07 /* Frameworks */,
				0ABB41EF267A738200E03D07 /* Resources */,
			);
			buildRules = (
			);
			dependencies = (
				0ABB41F3267A738200E03D07 /* PBXTargetDependency */,
			);
			name = CollectionViewTests;
			productName = CollectionViewTests;
			productReference = 0ABB41F1267A738200E03D07 /* CollectionViewTests.xctest */;
			productType = "com.apple.product-type.bundle.unit-test";
		};
		0ABB41FB267A738200E03D07 /* CollectionViewUITests */ = {
			isa = PBXNativeTarget;
			buildConfigurationList = 0ABB420B267A738200E03D07 /* Build configuration list for PBXNativeTarget "CollectionViewUITests" */;
			buildPhases = (
				0ABB41F8267A738200E03D07 /* Sources */,
				0ABB41F9267A738200E03D07 /* Frameworks */,
				0ABB41FA267A738200E03D07 /* Resources */,
			);
			buildRules = (
			);
			dependencies = (
				0ABB41FE267A738200E03D07 /* PBXTargetDependency */,
			);
			name = CollectionViewUITests;
			productName = CollectionViewUITests;
			productReference = 0ABB41FC267A738200E03D07 /* CollectionViewUITests.xctest */;
			productType = "com.apple.product-type.bundle.ui-testing";
		};
/* End PBXNativeTarget section */

/* Begin PBXProject section */
		0ABB41D3267A737F00E03D07 /* Project object */ = {
			isa = PBXProject;
			attributes = {
				LastSwiftUpdateCheck = 1250;
				LastUpgradeCheck = 1250;
				TargetAttributes = {
					0ABB41DA267A737F00E03D07 = {
						CreatedOnToolsVersion = 12.5;
					};
					0ABB41F0267A738200E03D07 = {
						CreatedOnToolsVersion = 12.5;
						TestTargetID = 0ABB41DA267A737F00E03D07;
					};
					0ABB41FB267A738200E03D07 = {
						CreatedOnToolsVersion = 12.5;
						TestTargetID = 0ABB41DA267A737F00E03D07;
					};
				};
			};
			buildConfigurationList = 0ABB41D6267A737F00E03D07 /* Build configuration list for PBXProject "CollectionView" */;
			compatibilityVersion = "Xcode 9.3";
			developmentRegion = en;
			hasScannedForEncodings = 0;
			knownRegions = (
				en,
				Base,
			);
			mainGroup = 0ABB41D2267A737F00E03D07;
			productRefGroup = 0ABB41DC267A737F00E03D07 /* Products */;
			projectDirPath = "";
			projectRoot = "";
			targets = (
				0ABB41DA267A737F00E03D07 /* CollectionView */,
				0ABB41F0267A738200E03D07 /* CollectionViewTests */,
				0ABB41FB267A738200E03D07 /* CollectionViewUITests */,
			);
		};
/* End PBXProject section */

/* Begin PBXResourcesBuildPhase section */
		0ABB41D9267A737F00E03D07 /* Resources */ = {
			isa = PBXResourcesBuildPhase;
			buildActionMask = 2147483647;
			files = (
				0ABB41EB267A738200E03D07 /* LaunchScreen.storyboard in Resources */,
				0ABB41E8267A738200E03D07 /* Assets.xcassets in Resources */,
			);
			runOnlyForDeploymentPostprocessing = 0;
		};
		0ABB41EF267A738200E03D07 /* Resources */ = {
			isa = PBXResourcesBuildPhase;
			buildActionMask = 2147483647;
			files = (
			);
			runOnlyForDeploymentPostprocessing = 0;
		};
		0ABB41FA267A738200E03D07 /* Resources */ = {
			isa = PBXResourcesBuildPhase;
			buildActionMask = 2147483647;
			files = (
			);
			runOnlyForDeploymentPostprocessing = 0;
		};
/* End PBXResourcesBuildPhase section */

/* Begin PBXSourcesBuildPhase section */
		0ABB41D7267A737F00E03D07 /* Sources */ = {
			isa = PBXSourcesBuildPhase;
			buildActionMask = 2147483647;
			files = (
				0ABB4213267BCF7000E03D07 /* CollectionView.swift in Sources */,
				0ABB41DF267A737F00E03D07 /* AppDelegate.swift in Sources */,
				0ABB4211267A745E00E03D07 /* CollectionViewCell.swift in Sources */,
				0ABB420F267A742900E03D07 /* CollectionViewController.swift in Sources */,
				0AB2EFB8268D022F002CACC8 /* ModalCollectionView.swift in Sources */,
				0ABB41E1267A737F00E03D07 /* SceneDelegate.swift in Sources */,
			);
			runOnlyForDeploymentPostprocessing = 0;
		};
		0ABB41ED267A738200E03D07 /* Sources */ = {
			isa = PBXSourcesBuildPhase;
			buildActionMask = 2147483647;
			files = (
				0ABB41F6267A738200E03D07 /* CollectionViewTests.swift in Sources */,
			);
			runOnlyForDeploymentPostprocessing = 0;
		};
		0ABB41F8267A738200E03D07 /* Sources */ = {
			isa = PBXSourcesBuildPhase;
			buildActionMask = 2147483647;
			files = (
				0ABB4201267A738200E03D07 /* CollectionViewUITests.swift in Sources */,
			);
			runOnlyForDeploymentPostprocessing = 0;
		};
/* End PBXSourcesBuildPhase section */

/* Begin PBXTargetDependency section */
		0ABB41F3267A738200E03D07 /* PBXTargetDependency */ = {
			isa = PBXTargetDependency;
			target = 0ABB41DA267A737F00E03D07 /* CollectionView */;
			targetProxy = 0ABB41F2267A738200E03D07 /* PBXContainerItemProxy */;
		};
		0ABB41FE267A738200E03D07 /* PBXTargetDependency */ = {
			isa = PBXTargetDependency;
			target = 0ABB41DA267A737F00E03D07 /* CollectionView */;
			targetProxy = 0ABB41FD267A738200E03D07 /* PBXContainerItemProxy */;
		};
/* End PBXTargetDependency section */

/* Begin PBXVariantGroup section */
		0ABB41E9267A738200E03D07 /* LaunchScreen.storyboard */ = {
			isa = PBXVariantGroup;
			children = (
				0ABB41EA267A738200E03D07 /* Base */,
			);
			name = LaunchScreen.storyboard;
			sourceTree = "<group>";
		};
/* End PBXVariantGroup section */

/* Begin XCBuildConfiguration section */
		0ABB4203267A738200E03D07 /* Debug */ = {
			isa = XCBuildConfiguration;
			buildSettings = {
				ALWAYS_SEARCH_USER_PATHS = NO;
				CLANG_ANALYZER_NONNULL = YES;
				CLANG_ANALYZER_NUMBER_OBJECT_CONVERSION = YES_AGGRESSIVE;
				CLANG_CXX_LANGUAGE_STANDARD = "gnu++14";
				CLANG_CXX_LIBRARY = "libc++";
				CLANG_ENABLE_MODULES = YES;
				CLANG_ENABLE_OBJC_ARC = YES;
				CLANG_ENABLE_OBJC_WEAK = YES;
				CLANG_WARN_BLOCK_CAPTURE_AUTORELEASING = YES;
				CLANG_WARN_BOOL_CONVERSION = YES;
				CLANG_WARN_COMMA = YES;
				CLANG_WARN_CONSTANT_CONVERSION = YES;
				CLANG_WARN_DEPRECATED_OBJC_IMPLEMENTATIONS = YES;
				CLANG_WARN_DIRECT_OBJC_ISA_USAGE = YES_ERROR;
				CLANG_WARN_DOCUMENTATION_COMMENTS = YES;
				CLANG_WARN_EMPTY_BODY = YES;
				CLANG_WARN_ENUM_CONVERSION = YES;
				CLANG_WARN_INFINITE_RECURSION = YES;
				CLANG_WARN_INT_CONVERSION = YES;
				CLANG_WARN_NON_LITERAL_NULL_CONVERSION = YES;
				CLANG_WARN_OBJC_IMPLICIT_RETAIN_SELF = YES;
				CLANG_WARN_OBJC_LITERAL_CONVERSION = YES;
				CLANG_WARN_OBJC_ROOT_CLASS = YES_ERROR;
				CLANG_WARN_QUOTED_INCLUDE_IN_FRAMEWORK_HEADER = YES;
				CLANG_WARN_RANGE_LOOP_ANALYSIS = YES;
				CLANG_WARN_STRICT_PROTOTYPES = YES;
				CLANG_WARN_SUSPICIOUS_MOVE = YES;
				CLANG_WARN_UNGUARDED_AVAILABILITY = YES_AGGRESSIVE;
				CLANG_WARN_UNREACHABLE_CODE = YES;
				CLANG_WARN__DUPLICATE_METHOD_MATCH = YES;
				COPY_PHASE_STRIP = NO;
				DEBUG_INFORMATION_FORMAT = dwarf;
				ENABLE_STRICT_OBJC_MSGSEND = YES;
				ENABLE_TESTABILITY = YES;
				GCC_C_LANGUAGE_STANDARD = gnu11;
				GCC_DYNAMIC_NO_PIC = NO;
				GCC_NO_COMMON_BLOCKS = YES;
				GCC_OPTIMIZATION_LEVEL = 0;
				GCC_PREPROCESSOR_DEFINITIONS = (
					"DEBUG=1",
					"$(inherited)",
				);
				GCC_WARN_64_TO_32_BIT_CONVERSION = YES;
				GCC_WARN_ABOUT_RETURN_TYPE = YES_ERROR;
				GCC_WARN_UNDECLARED_SELECTOR = YES;
				GCC_WARN_UNINITIALIZED_AUTOS = YES_AGGRESSIVE;
				GCC_WARN_UNUSED_FUNCTION = YES;
				GCC_WARN_UNUSED_VARIABLE = YES;
				IPHONEOS_DEPLOYMENT_TARGET = 14.5;
				MTL_ENABLE_DEBUG_INFO = INCLUDE_SOURCE;
				MTL_FAST_MATH = YES;
				ONLY_ACTIVE_ARCH = YES;
				SDKROOT = iphoneos;
				SWIFT_ACTIVE_COMPILATION_CONDITIONS = DEBUG;
				SWIFT_OPTIMIZATION_LEVEL = "-Onone";
			};
			name = Debug;
		};
		0ABB4204267A738200E03D07 /* Release */ = {
			isa = XCBuildConfiguration;
			buildSettings = {
				ALWAYS_SEARCH_USER_PATHS = NO;
				CLANG_ANALYZER_NONNULL = YES;
				CLANG_ANALYZER_NUMBER_OBJECT_CONVERSION = YES_AGGRESSIVE;
				CLANG_CXX_LANGUAGE_STANDARD = "gnu++14";
				CLANG_CXX_LIBRARY = "libc++";
				CLANG_ENABLE_MODULES = YES;
				CLANG_ENABLE_OBJC_ARC = YES;
				CLANG_ENABLE_OBJC_WEAK = YES;
				CLANG_WARN_BLOCK_CAPTURE_AUTORELEASING = YES;
				CLANG_WARN_BOOL_CONVERSION = YES;
				CLANG_WARN_COMMA = YES;
				CLANG_WARN_CONSTANT_CONVERSION = YES;
				CLANG_WARN_DEPRECATED_OBJC_IMPLEMENTATIONS = YES;
				CLANG_WARN_DIRECT_OBJC_ISA_USAGE = YES_ERROR;
				CLANG_WARN_DOCUMENTATION_COMMENTS = YES;
				CLANG_WARN_EMPTY_BODY = YES;
				CLANG_WARN_ENUM_CONVERSION = YES;
				CLANG_WARN_INFINITE_RECURSION = YES;
				CLANG_WARN_INT_CONVERSION = YES;
				CLANG_WARN_NON_LITERAL_NULL_CONVERSION = YES;
				CLANG_WARN_OBJC_IMPLICIT_RETAIN_SELF = YES;
				CLANG_WARN_OBJC_LITERAL_CONVERSION = YES;
				CLANG_WARN_OBJC_ROOT_CLASS = YES_ERROR;
				CLANG_WARN_QUOTED_INCLUDE_IN_FRAMEWORK_HEADER = YES;
				CLANG_WARN_RANGE_LOOP_ANALYSIS = YES;
				CLANG_WARN_STRICT_PROTOTYPES = YES;
				CLANG_WARN_SUSPICIOUS_MOVE = YES;
				CLANG_WARN_UNGUARDED_AVAILABILITY = YES_AGGRESSIVE;
				CLANG_WARN_UNREACHABLE_CODE = YES;
				CLANG_WARN__DUPLICATE_METHOD_MATCH = YES;
				COPY_PHASE_STRIP = NO;
				DEBUG_INFORMATION_FORMAT = "dwarf-with-dsym";
				ENABLE_NS_ASSERTIONS = NO;
				ENABLE_STRICT_OBJC_MSGSEND = YES;
				GCC_C_LANGUAGE_STANDARD = gnu11;
				GCC_NO_COMMON_BLOCKS = YES;
				GCC_WARN_64_TO_32_BIT_CONVERSION = YES;
				GCC_WARN_ABOUT_RETURN_TYPE = YES_ERROR;
				GCC_WARN_UNDECLARED_SELECTOR = YES;
				GCC_WARN_UNINITIALIZED_AUTOS = YES_AGGRESSIVE;
				GCC_WARN_UNUSED_FUNCTION = YES;
				GCC_WARN_UNUSED_VARIABLE = YES;
				IPHONEOS_DEPLOYMENT_TARGET = 14.5;
				MTL_ENABLE_DEBUG_INFO = NO;
				MTL_FAST_MATH = YES;
				SDKROOT = iphoneos;
				SWIFT_COMPILATION_MODE = wholemodule;
				SWIFT_OPTIMIZATION_LEVEL = "-O";
				VALIDATE_PRODUCT = YES;
			};
			name = Release;
		};
		0ABB4206267A738200E03D07 /* Debug */ = {
			isa = XCBuildConfiguration;
			buildSettings = {
				ASSETCATALOG_COMPILER_APPICON_NAME = AppIcon;
				ASSETCATALOG_COMPILER_GLOBAL_ACCENT_COLOR_NAME = AccentColor;
				CODE_SIGN_STYLE = Automatic;
				DEVELOPMENT_TEAM = U6DL889KZ9;
				INFOPLIST_FILE = CollectionView/Info.plist;
				IPHONEOS_DEPLOYMENT_TARGET = 14.5;
				LD_RUNPATH_SEARCH_PATHS = (
					"$(inherited)",
					"@executable_path/Frameworks",
				);
				PRODUCT_BUNDLE_IDENTIFIER = "Apple-Developer-Academy-PUC-Rio.CollectionView";
				PRODUCT_NAME = "$(TARGET_NAME)";
				SWIFT_VERSION = 5.0;
				TARGETED_DEVICE_FAMILY = "1,2";
			};
			name = Debug;
		};
		0ABB4207267A738200E03D07 /* Release */ = {
			isa = XCBuildConfiguration;
			buildSettings = {
				ASSETCATALOG_COMPILER_APPICON_NAME = AppIcon;
				ASSETCATALOG_COMPILER_GLOBAL_ACCENT_COLOR_NAME = AccentColor;
				CODE_SIGN_STYLE = Automatic;
				DEVELOPMENT_TEAM = U6DL889KZ9;
				INFOPLIST_FILE = CollectionView/Info.plist;
				IPHONEOS_DEPLOYMENT_TARGET = 14.5;
				LD_RUNPATH_SEARCH_PATHS = (
					"$(inherited)",
					"@executable_path/Frameworks",
				);
				PRODUCT_BUNDLE_IDENTIFIER = "Apple-Developer-Academy-PUC-Rio.CollectionView";
				PRODUCT_NAME = "$(TARGET_NAME)";
				SWIFT_VERSION = 5.0;
				TARGETED_DEVICE_FAMILY = "1,2";
			};
			name = Release;
		};
		0ABB4209267A738200E03D07 /* Debug */ = {
			isa = XCBuildConfiguration;
			buildSettings = {
				ALWAYS_EMBED_SWIFT_STANDARD_LIBRARIES = YES;
				BUNDLE_LOADER = "$(TEST_HOST)";
				CODE_SIGN_STYLE = Automatic;
				DEVELOPMENT_TEAM = U6DL889KZ9;
				INFOPLIST_FILE = CollectionViewTests/Info.plist;
				IPHONEOS_DEPLOYMENT_TARGET = 14.5;
				LD_RUNPATH_SEARCH_PATHS = (
					"$(inherited)",
					"@executable_path/Frameworks",
					"@loader_path/Frameworks",
				);
				PRODUCT_BUNDLE_IDENTIFIER = "Apple-Developer-Academy-PUC-Rio.CollectionViewTests";
				PRODUCT_NAME = "$(TARGET_NAME)";
				SWIFT_VERSION = 5.0;
				TARGETED_DEVICE_FAMILY = "1,2";
				TEST_HOST = "$(BUILT_PRODUCTS_DIR)/CollectionView.app/CollectionView";
			};
			name = Debug;
		};
		0ABB420A267A738200E03D07 /* Release */ = {
			isa = XCBuildConfiguration;
			buildSettings = {
				ALWAYS_EMBED_SWIFT_STANDARD_LIBRARIES = YES;
				BUNDLE_LOADER = "$(TEST_HOST)";
				CODE_SIGN_STYLE = Automatic;
				DEVELOPMENT_TEAM = U6DL889KZ9;
				INFOPLIST_FILE = CollectionViewTests/Info.plist;
				IPHONEOS_DEPLOYMENT_TARGET = 14.5;
				LD_RUNPATH_SEARCH_PATHS = (
					"$(inherited)",
					"@executable_path/Frameworks",
					"@loader_path/Frameworks",
				);
				PRODUCT_BUNDLE_IDENTIFIER = "Apple-Developer-Academy-PUC-Rio.CollectionViewTests";
				PRODUCT_NAME = "$(TARGET_NAME)";
				SWIFT_VERSION = 5.0;
				TARGETED_DEVICE_FAMILY = "1,2";
				TEST_HOST = "$(BUILT_PRODUCTS_DIR)/CollectionView.app/CollectionView";
			};
			name = Release;
		};
		0ABB420C267A738200E03D07 /* Debug */ = {
			isa = XCBuildConfiguration;
			buildSettings = {
				ALWAYS_EMBED_SWIFT_STANDARD_LIBRARIES = YES;
				CODE_SIGN_STYLE = Automatic;
				DEVELOPMENT_TEAM = U6DL889KZ9;
				INFOPLIST_FILE = CollectionViewUITests/Info.plist;
				LD_RUNPATH_SEARCH_PATHS = (
					"$(inherited)",
					"@executable_path/Frameworks",
					"@loader_path/Frameworks",
				);
				PRODUCT_BUNDLE_IDENTIFIER = "Apple-Developer-Academy-PUC-Rio.CollectionViewUITests";
				PRODUCT_NAME = "$(TARGET_NAME)";
				SWIFT_VERSION = 5.0;
				TARGETED_DEVICE_FAMILY = "1,2";
				TEST_TARGET_NAME = CollectionView;
			};
			name = Debug;
		};
		0ABB420D267A738200E03D07 /* Release */ = {
			isa = XCBuildConfiguration;
			buildSettings = {
				ALWAYS_EMBED_SWIFT_STANDARD_LIBRARIES = YES;
				CODE_SIGN_STYLE = Automatic;
				DEVELOPMENT_TEAM = U6DL889KZ9;
				INFOPLIST_FILE = CollectionViewUITests/Info.plist;
				LD_RUNPATH_SEARCH_PATHS = (
					"$(inherited)",
					"@executable_path/Frameworks",
					"@loader_path/Frameworks",
				);
				PRODUCT_BUNDLE_IDENTIFIER = "Apple-Developer-Academy-PUC-Rio.CollectionViewUITests";
				PRODUCT_NAME = "$(TARGET_NAME)";
				SWIFT_VERSION = 5.0;
				TARGETED_DEVICE_FAMILY = "1,2";
				TEST_TARGET_NAME = CollectionView;
			};
			name = Release;
		};
/* End XCBuildConfiguration section */

/* Begin XCConfigurationList section */
		0ABB41D6267A737F00E03D07 /* Build configuration list for PBXProject "CollectionView" */ = {
			isa = XCConfigurationList;
			buildConfigurations = (
				0ABB4203267A738200E03D07 /* Debug */,
				0ABB4204267A738200E03D07 /* Release */,
			);
			defaultConfigurationIsVisible = 0;
			defaultConfigurationName = Release;
		};
		0ABB4205267A738200E03D07 /* Build configuration list for PBXNativeTarget "CollectionView" */ = {
			isa = XCConfigurationList;
			buildConfigurations = (
				0ABB4206267A738200E03D07 /* Debug */,
				0ABB4207267A738200E03D07 /* Release */,
			);
			defaultConfigurationIsVisible = 0;
			defaultConfigurationName = Release;
		};
		0ABB4208267A738200E03D07 /* Build configuration list for PBXNativeTarget "CollectionViewTests" */ = {
			isa = XCConfigurationList;
			buildConfigurations = (
				0ABB4209267A738200E03D07 /* Debug */,
				0ABB420A267A738200E03D07 /* Release */,
			);
			defaultConfigurationIsVisible = 0;
			defaultConfigurationName = Release;
		};
		0ABB420B267A738200E03D07 /* Build configuration list for PBXNativeTarget "CollectionViewUITests" */ = {
			isa = XCConfigurationList;
			buildConfigurations = (
				0ABB420C267A738200E03D07 /* Debug */,
				0ABB420D267A738200E03D07 /* Release */,
			);
			defaultConfigurationIsVisible = 0;
			defaultConfigurationName = Release;
		};
/* End XCConfigurationList section */
	};
	rootObject = 0ABB41D3267A737F00E03D07 /* Project object */;
}
